
Microsoft Visual Studio Solution File, Format Version 12.00
# Visual Studio 2013
VisualStudioVersion = 12.0.30501.0
MinimumVisualStudioVersion = 10.0.40219.1
Project("{FAE04EC0-301F-11D3-BF4B-00C04F79EFBC}") = "GameDP2", "GameDP2\GameDP2.csproj", "{D391B5FC-EAFA-4FE7-9A16-ED7067A3FCAE}"
EndProject
Global
	GlobalSection(SolutionConfigurationPlatforms) = preSolution
		Debug|Any CPU = Debug|Any CPU
		Release|Any CPU = Release|Any CPU
	EndGlobalSection
	GlobalSection(ProjectConfigurationPlatforms) = postSolution
		{D391B5FC-EAFA-4FE7-9A16-ED7067A3FCAE}.Debug|Any CPU.ActiveCfg = Debug|Any CPU
		{D391B5FC-EAFA-4FE7-9A16-ED7067A3FCAE}.Debug|Any CPU.Build.0 = Debug|Any CPU
		{D391B5FC-EAFA-4FE7-9A16-ED7067A3FCAE}.Release|Any CPU.ActiveCfg = Release|Any CPU
		{D391B5FC-EAFA-4FE7-9A16-ED7067A3FCAE}.Release|Any CPU.Build.0 = Release|Any CPU
	EndGlobalSection
	GlobalSection(SolutionProperties) = preSolution
		HideSolutionNode = FALSE
	EndGlobalSection
EndGlobal
